
Microsoft Visual Studio Solution File, Format Version 12.00
# Visual Studio 15
VisualStudioVersion = 15.0.27703.2035
MinimumVisualStudioVersion = 10.0.40219.1
Project("{8BC9CEB8-8B4A-11D0-8D11-00A0C91BC942}") = "TDD.GoogleTest", "TDD.GoogleTest\TDD.GoogleTest.vcxproj", "{745526D9-40A3-4E69-8AA9-F7884BC3375F}"
EndProject
Global
	GlobalSection(SolutionConfigurationPlatforms) = preSolution
		Debug|x64 = Debug|x64
		Debug|x86 = Debug|x86
		Release|x64 = Release|x64
		Release|x86 = Release|x86
	EndGlobalSection
	GlobalSection(ProjectConfigurationPlatforms) = postSolution
		{745526D9-40A3-4E69-8AA9-F7884BC3375F}.Debug|x64.ActiveCfg = Debug|x64
		{745526D9-40A3-4E69-8AA9-F7884BC3375F}.Debug|x64.Build.0 = Debug|x64
		{745526D9-40A3-4E69-8AA9-F7884BC3375F}.Debug|x86.ActiveCfg = Debug|Win32
		{745526D9-40A3-4E69-8AA9-F7884BC3375F}.Debug|x86.Build.0 = Debug|Win32
		{745526D9-40A3-4E69-8AA9-F7884BC3375F}.Release|x64.ActiveCfg = Release|x64
		{745526D9-40A3-4E69-8AA9-F7884BC3375F}.Release|x64.Build.0 = Release|x64
		{745526D9-40A3-4E69-8AA9-F7884BC3375F}.Release|x86.ActiveCfg = Release|Win32
		{745526D9-40A3-4E69-8AA9-F7884BC3375F}.Release|x86.Build.0 = Release|Win32
	EndGlobalSection
	GlobalSection(SolutionProperties) = preSolution
		HideSolutionNode = FALSE
	EndGlobalSection
	GlobalSection(ExtensibilityGlobals) = postSolution
		SolutionGuid = {B3A04575-7302-4F7C-A3DE-29DF9D944A6D}
	EndGlobalSection
EndGlobal
